
Microsoft Visual Studio Solution File, Format Version 12.00
# Visual Studio 2013
VisualStudioVersion = 12.0.21005.1
MinimumVisualStudioVersion = 10.0.40219.1
Project("{FAE04EC0-301F-11D3-BF4B-00C04F79EFBC}") = "radioPlayerApp", "radioPlayerApp\radioPlayerApp.csproj", "{C7DF6E65-5DC8-4E02-BD54-A43F31C18109}"
EndProject
Project("{FAE04EC0-301F-11D3-BF4B-00C04F79EFBC}") = "radioAppUnitTest", "radioAppUnitTest\radioAppUnitTest.csproj", "{60E27AC8-1A12-4A6D-AC5D-846E3695D3C6}"
EndProject
Global
	GlobalSection(SolutionConfigurationPlatforms) = preSolution
		Debug|Any CPU = Debug|Any CPU
		Release|Any CPU = Release|Any CPU
	EndGlobalSection
	GlobalSection(ProjectConfigurationPlatforms) = postSolution
		{C7DF6E65-5DC8-4E02-BD54-A43F31C18109}.Debug|Any CPU.ActiveCfg = Debug|Any CPU
		{C7DF6E65-5DC8-4E02-BD54-A43F31C18109}.Debug|Any CPU.Build.0 = Debug|Any CPU
		{C7DF6E65-5DC8-4E02-BD54-A43F31C18109}.Release|Any CPU.ActiveCfg = Release|Any CPU
		{C7DF6E65-5DC8-4E02-BD54-A43F31C18109}.Release|Any CPU.Build.0 = Release|Any CPU
		{60E27AC8-1A12-4A6D-AC5D-846E3695D3C6}.Debug|Any CPU.ActiveCfg = Debug|Any CPU
		{60E27AC8-1A12-4A6D-AC5D-846E3695D3C6}.Debug|Any CPU.Build.0 = Debug|Any CPU
		{60E27AC8-1A12-4A6D-AC5D-846E3695D3C6}.Release|Any CPU.ActiveCfg = Release|Any CPU
		{60E27AC8-1A12-4A6D-AC5D-846E3695D3C6}.Release|Any CPU.Build.0 = Release|Any CPU
	EndGlobalSection
	GlobalSection(SolutionProperties) = preSolution
		HideSolutionNode = FALSE
	EndGlobalSection
EndGlobal
